
Microsoft Visual Studio Solution File, Format Version 12.00
# Visual Studio 2015
Project("{FAE04EC0-301F-11D3-BF4B-00C04F79EFBC}") = "GameyFire 2.0", "GameyFire 2.0.csproj", "{A592772A-5459-B041-0174-9010DA286550}"
EndProject
Project("{FAE04EC0-301F-11D3-BF4B-00C04F79EFBC}") = "GameyFire 2.0.Editor", "GameyFire 2.0.Editor.csproj", "{7530E3DB-8A56-9B6D-11E5-D2ADD4D95ED1}"
EndProject
Global
	GlobalSection(SolutionConfigurationPlatforms) = preSolution
		Debug|Any CPU = Debug|Any CPU
		Release|Any CPU = Release|Any CPU
	EndGlobalSection
	GlobalSection(ProjectConfigurationPlatforms) = postSolution
		{A592772A-5459-B041-0174-9010DA286550}.Debug|Any CPU.ActiveCfg = Debug|Any CPU
		{A592772A-5459-B041-0174-9010DA286550}.Debug|Any CPU.Build.0 = Debug|Any CPU
		{A592772A-5459-B041-0174-9010DA286550}.Release|Any CPU.ActiveCfg = Release|Any CPU
		{A592772A-5459-B041-0174-9010DA286550}.Release|Any CPU.Build.0 = Release|Any CPU
		{7530E3DB-8A56-9B6D-11E5-D2ADD4D95ED1}.Debug|Any CPU.ActiveCfg = Debug|Any CPU
		{7530E3DB-8A56-9B6D-11E5-D2ADD4D95ED1}.Debug|Any CPU.Build.0 = Debug|Any CPU
		{7530E3DB-8A56-9B6D-11E5-D2ADD4D95ED1}.Release|Any CPU.ActiveCfg = Release|Any CPU
		{7530E3DB-8A56-9B6D-11E5-D2ADD4D95ED1}.Release|Any CPU.Build.0 = Release|Any CPU
	EndGlobalSection
	GlobalSection(SolutionProperties) = preSolution
		HideSolutionNode = FALSE
	EndGlobalSection
EndGlobal
